# This file is automatically @generated by Poetry 1.8.4 and should not be changed by hand.

[[package]]
name = "aioconsole"
version = "0.8.1"
description = "Asynchronous console and interfaces for asyncio"
optional = false
python-versions = ">=3.8"
files = [
    {file = "aioconsole-0.8.1-py3-none-any.whl", hash = "sha256:e1023685cde35dde909fbf00631ffb2ed1c67fe0b7058ebb0892afbde5f213e5"},
    {file = "aioconsole-0.8.1.tar.gz", hash = "sha256:0535ce743ba468fb21a1ba43c9563032c779534d4ecd923a46dbd350ad91d234"},
]

[package.extras]
dev = ["pytest", "pytest-asyncio", "pytest-cov", "pytest-repeat", "uvloop"]

[metadata]
lock-version = "2.0"
python-versions = "^3.12"
content-hash = "b6bde08a9c908e8958eba7ebb9a2eaf7258fdc6a399425c804ebd9f66cf52bf3"
